
Microsoft Visual Studio Solution File, Format Version 11.00
# Visual Studio 2010
Project("{FAE04EC0-301F-11D3-BF4B-00C04F79EFBC}") = "MatDetails", "MatDetails\MatDetails.csproj", "{2AFB20AC-5B7D-4C6A-AAF3-D7605E9EEC27}"
EndProject
Global
	GlobalSection(SolutionConfigurationPlatforms) = preSolution
		Debug|x86 = Debug|x86
		Release|x86 = Release|x86
	EndGlobalSection
	GlobalSection(ProjectConfigurationPlatforms) = postSolution
		{2AFB20AC-5B7D-4C6A-AAF3-D7605E9EEC27}.Debug|x86.ActiveCfg = Debug|x86
		{2AFB20AC-5B7D-4C6A-AAF3-D7605E9EEC27}.Debug|x86.Build.0 = Debug|x86
		{2AFB20AC-5B7D-4C6A-AAF3-D7605E9EEC27}.Release|x86.ActiveCfg = Release|x86
		{2AFB20AC-5B7D-4C6A-AAF3-D7605E9EEC27}.Release|x86.Build.0 = Release|x86
	EndGlobalSection
	GlobalSection(SolutionProperties) = preSolution
		HideSolutionNode = FALSE
	EndGlobalSection
EndGlobal
